{
  "originHash" : "05b4500b9bde28841c5c4c620199b6b421d77e7bc3e1c3ffb57db121f5f8048b",
  "pins" : [
    {
      "identity" : "kingfisher",
      "kind" : "remoteSourceControl",
      "location" : "https://github.com/onevcat/Kingfisher.git",
      "state" : {
        "revision" : "d30a5fad881137e2267f96a8e3fc35c58999bb94",
        "version" : "8.6.2"
      }
    },
    {
      "identity" : "networklayer",
      "kind" : "remoteSourceControl",
      "location" : "https://github.com/carti1108/NetworkLayer.git",
      "state" : {
        "branch" : "main",
        "revision" : "67abf9b078366036a05c14b15732f677f1e4869e"
      }
    }
  ],
  "version" : 3
}
