{
  "originHash" : "41d29248594c70c2e52eb22e613a669f326a1fa06175994e1ea0aa8eaabe6e2d",
  "pins" : [
    {
      "identity" : "di",
      "kind" : "remoteSourceControl",
      "location" : "https://github.com/carti1108/DI.git",
      "state" : {
        "branch" : "main",
        "revision" : "40b400fe5bb82b063494670edd084b7422663ccb"
      }
    },
    {
      "identity" : "networklayer",
      "kind" : "remoteSourceControl",
      "location" : "https://github.com/carti1108/NetworkLayer.git",
      "state" : {
        "branch" : "main",
        "revision" : "610b38a099fa4538e6674f4132ac34bcdf5a903e"
      }
    }
  ],
  "version" : 3
}
