{
  "originHash" : "595bd6257d6d75ad2f97d8791c3650a4e6351dab2ea58251f1b67da0c9e65d0f",
  "pins" : [
    {
      "identity" : "kingfisher",
      "kind" : "remoteSourceControl",
      "location" : "https://github.com/onevcat/Kingfisher.git",
      "state" : {
        "revision" : "d30a5fad881137e2267f96a8e3fc35c58999bb94",
        "version" : "8.6.2"
      }
    },
    {
      "identity" : "networklayer",
      "kind" : "remoteSourceControl",
      "location" : "https://github.com/carti1108/NetworkLayer.git",
      "state" : {
        "branch" : "main",
        "revision" : "610b38a099fa4538e6674f4132ac34bcdf5a903e"
      }
    }
  ],
  "version" : 3
}
